{
  "version": 4,
  "terraform_version": "1.1.2",
  "serial": 79,
  "lineage": "cadb54e9-4fbb-1de5-f2c6-df57ee199e08",
  "outputs": {},
  "resources": [
    {
      "mode": "data",
      "type": "aws_ecr_image",
      "name": "backend_amirainvest_com",
      "provider": "provider[\"registry.terraform.io/hashicorp/aws\"]",
      "instances": [
        {
          "schema_version": 0,
          "attributes": {
            "id": "sha256:90475ff80b0085d9fd66cdb7f1dba4fcc872674cde60e5b6ba2ac6ec9836e899",
            "image_digest": "sha256:90475ff80b0085d9fd66cdb7f1dba4fcc872674cde60e5b6ba2ac6ec9836e899",
            "image_pushed_at": 1641434507,
            "image_size_in_bytes": 396885084,
            "image_tag": "latest",
            "image_tags": [
              "latest"
            ],
            "registry_id": "903791206266",
            "repository_name": "amirainvest_com/backend_amirainvest_com"
          },
          "sensitive_attributes": []
        }
      ]
    },
    {
      "mode": "data",
      "type": "aws_ecr_image",
      "name": "lambda",
      "provider": "provider[\"registry.terraform.io/hashicorp/aws\"]",
      "instances": [
        {
          "schema_version": 0,
          "attributes": {
            "id": "sha256:b03f25362d49e350017d0f2707efdf2e1d61ba2acbad1489ee704df50a863c95",
            "image_digest": "sha256:b03f25362d49e350017d0f2707efdf2e1d61ba2acbad1489ee704df50a863c95",
            "image_pushed_at": 1641434484,
            "image_size_in_bytes": 449733238,
            "image_tag": "latest",
            "image_tags": [
              "latest"
            ],
            "registry_id": "903791206266",
            "repository_name": "amirainvest_com/lambda"
          },
          "sensitive_attributes": []
        }
      ]
    },
    {
      "mode": "managed",
      "type": "aws_ecr_repository",
      "name": "backend_amirainvest_com",
      "provider": "provider[\"registry.terraform.io/hashicorp/aws\"]",
      "instances": [
        {
          "schema_version": 0,
          "attributes": {
            "arn": "arn:aws:ecr:us-east-1:903791206266:repository/amirainvest_com/backend_amirainvest_com",
            "encryption_configuration": [
              {
                "encryption_type": "KMS",
                "kms_key": "arn:aws:kms:us-east-1:903791206266:key/d1f57297-6d72-455a-8839-ce498e9162db"
              }
            ],
            "id": "amirainvest_com/backend_amirainvest_com",
            "image_scanning_configuration": [
              {
                "scan_on_push": true
              }
            ],
            "image_tag_mutability": "MUTABLE",
            "name": "amirainvest_com/backend_amirainvest_com",
            "registry_id": "903791206266",
            "repository_url": "903791206266.dkr.ecr.us-east-1.amazonaws.com/amirainvest_com/backend_amirainvest_com",
            "tags": {},
            "tags_all": {},
            "timeouts": {
              "delete": null
            }
          },
          "sensitive_attributes": [],
          "private": "eyJlMmJmYjczMC1lY2FhLTExZTYtOGY4OC0zNDM2M2JjN2M0YzAiOnsiZGVsZXRlIjoxMjAwMDAwMDAwMDAwfSwic2NoZW1hX3ZlcnNpb24iOiIwIn0="
        }
      ]
    },
    {
      "mode": "managed",
      "type": "aws_ecr_repository",
      "name": "lambda",
      "provider": "provider[\"registry.terraform.io/hashicorp/aws\"]",
      "instances": [
        {
          "schema_version": 0,
          "attributes": {
            "arn": "arn:aws:ecr:us-east-1:903791206266:repository/amirainvest_com/lambda",
            "encryption_configuration": [
              {
                "encryption_type": "KMS",
                "kms_key": "arn:aws:kms:us-east-1:903791206266:key/d1f57297-6d72-455a-8839-ce498e9162db"
              }
            ],
            "id": "amirainvest_com/lambda",
            "image_scanning_configuration": [
              {
                "scan_on_push": true
              }
            ],
            "image_tag_mutability": "MUTABLE",
            "name": "amirainvest_com/lambda",
            "registry_id": "903791206266",
            "repository_url": "903791206266.dkr.ecr.us-east-1.amazonaws.com/amirainvest_com/lambda",
            "tags": {},
            "tags_all": {},
            "timeouts": {
              "delete": null
            }
          },
          "sensitive_attributes": [],
          "private": "eyJlMmJmYjczMC1lY2FhLTExZTYtOGY4OC0zNDM2M2JjN2M0YzAiOnsiZGVsZXRlIjoxMjAwMDAwMDAwMDAwfSwic2NoZW1hX3ZlcnNpb24iOiIwIn0="
        }
      ]
    },
    {
      "mode": "managed",
      "type": "aws_ecs_cluster",
      "name": "tfer--api",
      "provider": "provider[\"registry.terraform.io/hashicorp/aws\"]",
      "instances": [
        {
          "schema_version": 0,
          "attributes": {
            "arn": "arn:aws:ecs:us-east-1:903791206266:cluster/api",
            "capacity_providers": [
              "FARGATE",
              "FARGATE_SPOT"
            ],
            "configuration": [
              {
                "execute_command_configuration": [
                  {
                    "kms_key_id": "",
                    "log_configuration": [],
                    "logging": "DEFAULT"
                  }
                ]
              }
            ],
            "default_capacity_provider_strategy": [
              {
                "base": 0,
                "capacity_provider": "FARGATE_SPOT",
                "weight": 1
              }
            ],
            "id": "arn:aws:ecs:us-east-1:903791206266:cluster/api",
            "name": "api",
            "setting": [
              {
                "name": "containerInsights",
                "value": "enabled"
              }
            ],
            "tags": {
              "ecs:cluster:createdFrom": "ecs-console-v2"
            },
            "tags_all": {
              "ecs:cluster:createdFrom": "ecs-console-v2"
            }
          },
          "sensitive_attributes": []
        }
      ]
    },
    {
      "mode": "managed",
      "type": "aws_ecs_service",
      "name": "tfer--api_prod-api-public-service",
      "provider": "provider[\"registry.terraform.io/hashicorp/aws\"]",
      "instances": [
        {
          "schema_version": 0,
          "attributes": {
            "capacity_provider_strategy": [
              {
                "base": 0,
                "capacity_provider": "FARGATE_SPOT",
                "weight": 1
              }
            ],
            "cluster": "api",
            "deployment_circuit_breaker": [
              {
                "enable": true,
                "rollback": true
              }
            ],
            "deployment_controller": [
              {
                "type": "ECS"
              }
            ],
            "deployment_maximum_percent": 200,
            "deployment_minimum_healthy_percent": 100,
            "desired_count": 2,
            "enable_ecs_managed_tags": true,
            "enable_execute_command": false,
            "force_new_deployment": null,
            "health_check_grace_period_seconds": 0,
            "iam_role": "aws-service-role",
            "id": "arn:aws:ecs:us-east-1:903791206266:service/api/prod-api-public-service",
            "launch_type": "",
            "load_balancer": [
              {
                "container_name": "backend_api",
                "container_port": 5000,
                "elb_name": "",
                "target_group_arn": "arn:aws:elasticloadbalancing:us-east-1:903791206266:targetgroup/prod-api-public-service-TG/7d8e301140dfece3"
              }
            ],
            "name": "prod-api-public-service",
            "network_configuration": [
              {
                "assign_public_ip": false,
                "security_groups": [
                  "sg-04c6dcf097a53b73c"
                ],
                "subnets": [
                  "subnet-031bdf1a786694a68",
                  "subnet-05a45c47337ce649e",
                  "subnet-0bb4370ccc2df1e3e"
                ]
              }
            ],
            "ordered_placement_strategy": [],
            "placement_constraints": [],
            "platform_version": "LATEST",
            "propagate_tags": "NONE",
            "scheduling_strategy": "REPLICA",
            "service_registries": [],
            "tags": {
              "env": "prod"
            },
            "tags_all": {
              "env": "prod"
            },
            "task_definition": "arn:aws:ecs:us-east-1:903791206266:task-definition/prod-api-public-ecs-task-definition:22",
            "timeouts": {
              "delete": null
            },
            "wait_for_steady_state": false
          },
          "sensitive_attributes": [],
          "private": "eyJlMmJmYjczMC1lY2FhLTExZTYtOGY4OC0zNDM2M2JjN2M0YzAiOnsiZGVsZXRlIjoxMjAwMDAwMDAwMDAwfX0="
        }
      ]
    },
    {
      "mode": "managed",
      "type": "aws_ecs_task_definition",
      "name": "tfer--task-definition-002F-prod-api-public-ecs-task-definition",
      "provider": "provider[\"registry.terraform.io/hashicorp/aws\"]",
      "instances": [
        {
          "schema_version": 1,
          "attributes": {
            "arn": "arn:aws:ecs:us-east-1:903791206266:task-definition/prod-api-public-ecs-task-definition:22",
            "container_definitions": "[{\"command\":[],\"cpu\":0,\"dnsSearchDomains\":[],\"dnsServers\":[],\"dockerSecurityOptions\":[],\"entryPoint\":[],\"environment\":[{\"name\":\"ENVIRONMENT\",\"value\":\"prod\"},{\"name\":\"PROJECT\",\"value\":\"backend\"}],\"essential\":true,\"image\":\"903791206266.dkr.ecr.us-east-1.amazonaws.com/amirainvest_com/backend_amirainvest_com@sha256:90475ff80b0085d9fd66cdb7f1dba4fcc872674cde60e5b6ba2ac6ec9836e899\",\"links\":[],\"logConfiguration\":{\"logDriver\":\"awslogs\",\"options\":{\"awslogs-group\":\"/ecs/prod-api-public-ecs-task-definition\",\"awslogs-region\":\"us-east-1\",\"awslogs-stream-prefix\":\"ecs\"}},\"mountPoints\":[],\"name\":\"backend_api\",\"portMappings\":[{\"containerPort\":5000,\"hostPort\":5000,\"protocol\":\"tcp\"}],\"systemControls\":[],\"volumesFrom\":[]}]",
            "cpu": "256",
            "ephemeral_storage": [],
            "execution_role_arn": "arn:aws:iam::903791206266:role/ecsTaskExecutionRole",
            "family": "prod-api-public-ecs-task-definition",
            "id": "prod-api-public-ecs-task-definition",
            "inference_accelerator": [],
            "ipc_mode": "",
            "memory": "512",
            "network_mode": "awsvpc",
            "pid_mode": "",
            "placement_constraints": [],
            "proxy_configuration": [],
            "requires_compatibilities": [
              "FARGATE"
            ],
            "revision": 22,
            "runtime_platform": [
              {
                "cpu_architecture": "",
                "operating_system_family": "LINUX"
              }
            ],
            "tags": {
              "ecs:taskDefinition:createdFrom": "ecs-console-v2",
              "ecs:taskDefinition:stackId": "arn:aws:cloudformation:us-east-1:903791206266:stack/ECS-Console-V2-TaskDefinition-f0122edf-e85a-4f1f-908e-aa9d4c121a2a/006c05b0-68c8-11ec-83ae-12be906bece1",
              "env": "prod"
            },
            "tags_all": {
              "ecs:taskDefinition:createdFrom": "ecs-console-v2",
              "ecs:taskDefinition:stackId": "arn:aws:cloudformation:us-east-1:903791206266:stack/ECS-Console-V2-TaskDefinition-f0122edf-e85a-4f1f-908e-aa9d4c121a2a/006c05b0-68c8-11ec-83ae-12be906bece1",
              "env": "prod"
            },
            "task_role_arn": "arn:aws:iam::903791206266:role/prod-api-public-ecs-task-definition-role",
            "volume": []
          },
          "sensitive_attributes": [],
          "private": "eyJzY2hlbWFfdmVyc2lvbiI6IjEifQ=="
        }
      ]
    },
    {
      "mode": "managed",
      "type": "aws_lambda_event_source_mapping",
      "name": "sqs-to-prod-brokerage-data-sqs-consumer-lambda",
      "provider": "provider[\"registry.terraform.io/hashicorp/aws\"]",
      "instances": [
        {
          "schema_version": 0,
          "attributes": {
            "batch_size": 10,
            "bisect_batch_on_function_error": false,
            "destination_config": [],
            "enabled": true,
            "event_source_arn": "arn:aws:sqs:us-east-1:903791206266:prod-brokerage-data",
            "filter_criteria": [],
            "function_arn": "arn:aws:lambda:us-east-1:903791206266:function:prod-brokerage-data-sqs-consumer",
            "function_name": "arn:aws:lambda:us-east-1:903791206266:function:prod-brokerage-data-sqs-consumer",
            "function_response_types": [],
            "id": "e2d53d89-0aa0-4bee-8c68-b0be785bf69c",
            "last_modified": "2022-01-06T02:57:46Z",
            "last_processing_result": "",
            "maximum_batching_window_in_seconds": 0,
            "maximum_record_age_in_seconds": 0,
            "maximum_retry_attempts": 0,
            "parallelization_factor": 0,
            "queues": [],
            "self_managed_event_source": [],
            "source_access_configuration": [],
            "starting_position": "",
            "starting_position_timestamp": "",
            "state": "Enabled",
            "state_transition_reason": "USER_INITIATED",
            "topics": [],
            "tumbling_window_in_seconds": 0,
            "uuid": "e2d53d89-0aa0-4bee-8c68-b0be785bf69c"
          },
          "sensitive_attributes": [],
          "private": "bnVsbA==",
          "dependencies": [
            "aws_ecr_repository.lambda",
            "aws_lambda_function.prod-brokerage-data-sqs-consumer",
            "data.aws_ecr_image.lambda"
          ]
        }
      ]
    },
    {
      "mode": "managed",
      "type": "aws_lambda_function",
      "name": "prod-brokerage-data-sqs-consumer",
      "provider": "provider[\"registry.terraform.io/hashicorp/aws\"]",
      "instances": [
        {
          "schema_version": 0,
          "attributes": {
            "architectures": [
              "x86_64"
            ],
            "arn": "arn:aws:lambda:us-east-1:903791206266:function:prod-brokerage-data-sqs-consumer",
            "code_signing_config_arn": "",
            "dead_letter_config": [],
            "description": "",
            "environment": [
              {
                "variables": {
                  "ENVIRONMENT": "prod",
                  "PROJECT": "brokerage"
                }
              }
            ],
            "file_system_config": [],
            "filename": null,
            "function_name": "prod-brokerage-data-sqs-consumer",
            "handler": "",
            "id": "prod-brokerage-data-sqs-consumer",
            "image_config": [],
            "image_uri": "903791206266.dkr.ecr.us-east-1.amazonaws.com/amirainvest_com/lambda@sha256:b03f25362d49e350017d0f2707efdf2e1d61ba2acbad1489ee704df50a863c95",
            "invoke_arn": "arn:aws:apigateway:us-east-1:lambda:path/2015-03-31/functions/arn:aws:lambda:us-east-1:903791206266:function:prod-brokerage-data-sqs-consumer/invocations",
            "kms_key_arn": "",
            "last_modified": "2022-01-06T02:57:12.841+0000",
            "layers": [],
            "memory_size": 256,
            "package_type": "Image",
            "publish": false,
            "qualified_arn": "arn:aws:lambda:us-east-1:903791206266:function:prod-brokerage-data-sqs-consumer:$LATEST",
            "reserved_concurrent_executions": -1,
            "role": "arn:aws:iam::903791206266:role/prod-lambda",
            "runtime": "",
            "s3_bucket": null,
            "s3_key": null,
            "s3_object_version": null,
            "signing_job_arn": "",
            "signing_profile_version_arn": "",
            "source_code_hash": "b03f25362d49e350017d0f2707efdf2e1d61ba2acbad1489ee704df50a863c95",
            "source_code_size": 0,
            "tags": {
              "env": "prod"
            },
            "tags_all": {
              "env": "prod"
            },
            "timeout": 900,
            "timeouts": null,
            "tracing_config": [
              {
                "mode": "PassThrough"
              }
            ],
            "version": "$LATEST",
            "vpc_config": [
              {
                "security_group_ids": [
                  "sg-05e6b9e1e61a849f4"
                ],
                "subnet_ids": [
                  "subnet-031bdf1a786694a68",
                  "subnet-05a45c47337ce649e",
                  "subnet-0bb4370ccc2df1e3e"
                ],
                "vpc_id": "vpc-004c212060d1b7976"
              }
            ]
          },
          "sensitive_attributes": [],
          "private": "eyJlMmJmYjczMC1lY2FhLTExZTYtOGY4OC0zNDM2M2JjN2M0YzAiOnsiY3JlYXRlIjo2MDAwMDAwMDAwMDB9fQ==",
          "dependencies": [
            "aws_ecr_repository.lambda",
            "data.aws_ecr_image.lambda"
          ]
        }
      ]
    }
  ]
}
