{
  "version": 4,
  "terraform_version": "1.1.2",
  "serial": 51,
  "lineage": "cadb54e9-4fbb-1de5-f2c6-df57ee199e08",
  "outputs": {
    "aws_ecs_cluster_tfer--api_id": {
      "value": "arn:aws:ecs:us-east-1:903791206266:cluster/api",
      "type": "string"
    },
    "aws_ecs_service_tfer--api_prod-api-public-service_id": {
      "value": "arn:aws:ecs:us-east-1:903791206266:service/api/prod-api-public-service",
      "type": "string"
    },
    "aws_ecs_task_definition_tfer--task-definition-002F-prod-api-public-ecs-task-definition_id": {
      "value": "prod-api-public-ecs-task-definition",
      "type": "string"
    }
  },
  "resources": [
    {
      "mode": "data",
      "type": "aws_ecr_image",
      "name": "backend_amirainvest_com",
      "provider": "provider[\"registry.terraform.io/hashicorp/aws\"]",
      "instances": [
        {
          "schema_version": 0,
          "attributes": {
            "id": "sha256:90475ff80b0085d9fd66cdb7f1dba4fcc872674cde60e5b6ba2ac6ec9836e899",
            "image_digest": "sha256:90475ff80b0085d9fd66cdb7f1dba4fcc872674cde60e5b6ba2ac6ec9836e899",
            "image_pushed_at": 1641434507,
            "image_size_in_bytes": 396885084,
            "image_tag": "latest",
            "image_tags": [
              "latest"
            ],
            "registry_id": "903791206266",
            "repository_name": "amirainvest_com/backend_amirainvest_com"
          },
          "sensitive_attributes": []
        }
      ]
    },
    {
      "mode": "managed",
      "type": "aws_ecr_repository",
      "name": "tfer--amirainvest_com-002F-backend_amirainvest_com",
      "provider": "provider[\"registry.terraform.io/hashicorp/aws\"]",
      "instances": [
        {
          "schema_version": 0,
          "attributes": {
            "arn": "arn:aws:ecr:us-east-1:903791206266:repository/amirainvest_com/backend_amirainvest_com",
            "encryption_configuration": [
              {
                "encryption_type": "KMS",
                "kms_key": "arn:aws:kms:us-east-1:903791206266:key/d1f57297-6d72-455a-8839-ce498e9162db"
              }
            ],
            "id": "amirainvest_com/backend_amirainvest_com",
            "image_scanning_configuration": [
              {
                "scan_on_push": true
              }
            ],
            "image_tag_mutability": "MUTABLE",
            "name": "amirainvest_com/backend_amirainvest_com",
            "registry_id": "903791206266",
            "repository_url": "903791206266.dkr.ecr.us-east-1.amazonaws.com/amirainvest_com/backend_amirainvest_com",
            "tags": {},
            "tags_all": {},
            "timeouts": {
              "delete": null
            }
          },
          "sensitive_attributes": [],
          "private": "eyJlMmJmYjczMC1lY2FhLTExZTYtOGY4OC0zNDM2M2JjN2M0YzAiOnsiZGVsZXRlIjoxMjAwMDAwMDAwMDAwfSwic2NoZW1hX3ZlcnNpb24iOiIwIn0="
        }
      ]
    },
    {
      "mode": "managed",
      "type": "aws_ecs_cluster",
      "name": "tfer--api",
      "provider": "provider[\"registry.terraform.io/hashicorp/aws\"]",
      "instances": [
        {
          "schema_version": 0,
          "attributes": {
            "arn": "arn:aws:ecs:us-east-1:903791206266:cluster/api",
            "capacity_providers": [
              "FARGATE",
              "FARGATE_SPOT"
            ],
            "configuration": [
              {
                "execute_command_configuration": [
                  {
                    "kms_key_id": "",
                    "log_configuration": [],
                    "logging": "DEFAULT"
                  }
                ]
              }
            ],
            "default_capacity_provider_strategy": [
              {
                "base": 0,
                "capacity_provider": "FARGATE_SPOT",
                "weight": 1
              }
            ],
            "id": "arn:aws:ecs:us-east-1:903791206266:cluster/api",
            "name": "api",
            "setting": [
              {
                "name": "containerInsights",
                "value": "enabled"
              }
            ],
            "tags": {
              "ecs:cluster:createdFrom": "ecs-console-v2"
            },
            "tags_all": {
              "ecs:cluster:createdFrom": "ecs-console-v2"
            }
          },
          "sensitive_attributes": []
        }
      ]
    },
    {
      "mode": "managed",
      "type": "aws_ecs_service",
      "name": "tfer--api_prod-api-public-service",
      "provider": "provider[\"registry.terraform.io/hashicorp/aws\"]",
      "instances": [
        {
          "schema_version": 0,
          "attributes": {
            "capacity_provider_strategy": [
              {
                "base": 0,
                "capacity_provider": "FARGATE_SPOT",
                "weight": 1
              }
            ],
            "cluster": "api",
            "deployment_circuit_breaker": [
              {
                "enable": true,
                "rollback": true
              }
            ],
            "deployment_controller": [
              {
                "type": "ECS"
              }
            ],
            "deployment_maximum_percent": 200,
            "deployment_minimum_healthy_percent": 100,
            "desired_count": 2,
            "enable_ecs_managed_tags": true,
            "enable_execute_command": false,
            "force_new_deployment": null,
            "health_check_grace_period_seconds": 0,
            "iam_role": "aws-service-role",
            "id": "arn:aws:ecs:us-east-1:903791206266:service/api/prod-api-public-service",
            "launch_type": "",
            "load_balancer": [
              {
                "container_name": "backend_api",
                "container_port": 5000,
                "elb_name": "",
                "target_group_arn": "arn:aws:elasticloadbalancing:us-east-1:903791206266:targetgroup/prod-api-public-service-TG/7d8e301140dfece3"
              }
            ],
            "name": "prod-api-public-service",
            "network_configuration": [
              {
                "assign_public_ip": false,
                "security_groups": [
                  "sg-04c6dcf097a53b73c"
                ],
                "subnets": [
                  "subnet-031bdf1a786694a68",
                  "subnet-05a45c47337ce649e",
                  "subnet-0bb4370ccc2df1e3e"
                ]
              }
            ],
            "ordered_placement_strategy": [],
            "placement_constraints": [],
            "platform_version": "LATEST",
            "propagate_tags": "NONE",
            "scheduling_strategy": "REPLICA",
            "service_registries": [],
            "tags": {
              "env": "prod"
            },
            "tags_all": {
              "env": "prod"
            },
            "task_definition": "arn:aws:ecs:us-east-1:903791206266:task-definition/prod-api-public-ecs-task-definition:21",
            "timeouts": {
              "delete": null
            },
            "wait_for_steady_state": false
          },
          "sensitive_attributes": [],
          "private": "eyJlMmJmYjczMC1lY2FhLTExZTYtOGY4OC0zNDM2M2JjN2M0YzAiOnsiZGVsZXRlIjoxMjAwMDAwMDAwMDAwfX0=",
          "dependencies": [
            "aws_ecr_repository.tfer--amirainvest_com-002F-backend_amirainvest_com",
            "aws_ecs_task_definition.tfer--task-definition-002F-prod-api-public-ecs-task-definition",
            "data.aws_ecr_image.backend_amirainvest_com"
          ]
        }
      ]
    },
    {
      "mode": "managed",
      "type": "aws_ecs_task_definition",
      "name": "tfer--task-definition-002F-prod-api-public-ecs-task-definition",
      "provider": "provider[\"registry.terraform.io/hashicorp/aws\"]",
      "instances": [
        {
          "schema_version": 1,
          "attributes": {
            "arn": "arn:aws:ecs:us-east-1:903791206266:task-definition/prod-api-public-ecs-task-definition:21",
            "container_definitions": "[{\"command\":[],\"cpu\":0,\"dnsSearchDomains\":[],\"dnsServers\":[],\"dockerSecurityOptions\":[],\"entryPoint\":[],\"environment\":[{\"name\":\"ENVIRONMENT\",\"value\":\"prod\"},{\"name\":\"PROJECT\",\"value\":\"backend\"}],\"essential\":true,\"image\":\"903791206266.dkr.ecr.us-east-1.amazonaws.com/amirainvest_com/backend_amirainvest_com@sha256:8405e1dde3adbc7e33b3cee48c432fb2bd3d65a9321933323e1b3220ebff5522\",\"links\":[],\"logConfiguration\":{\"logDriver\":\"awslogs\",\"options\":{\"awslogs-group\":\"/ecs/prod-api-public-ecs-task-definition\",\"awslogs-region\":\"us-east-1\",\"awslogs-stream-prefix\":\"ecs\"}},\"mountPoints\":[],\"name\":\"backend_api\",\"portMappings\":[{\"containerPort\":5000,\"hostPort\":5000,\"protocol\":\"tcp\"}],\"systemControls\":[],\"volumesFrom\":[]}]",
            "cpu": "256",
            "ephemeral_storage": [],
            "execution_role_arn": "arn:aws:iam::903791206266:role/ecsTaskExecutionRole",
            "family": "prod-api-public-ecs-task-definition",
            "id": "prod-api-public-ecs-task-definition",
            "inference_accelerator": [],
            "ipc_mode": "",
            "memory": "512",
            "network_mode": "awsvpc",
            "pid_mode": "",
            "placement_constraints": [],
            "proxy_configuration": [],
            "requires_compatibilities": [
              "FARGATE"
            ],
            "revision": 21,
            "runtime_platform": [
              {
                "cpu_architecture": "",
                "operating_system_family": "LINUX"
              }
            ],
            "tags": {
              "ecs:taskDefinition:createdFrom": "ecs-console-v2",
              "ecs:taskDefinition:stackId": "arn:aws:cloudformation:us-east-1:903791206266:stack/ECS-Console-V2-TaskDefinition-f0122edf-e85a-4f1f-908e-aa9d4c121a2a/006c05b0-68c8-11ec-83ae-12be906bece1",
              "env": "prod"
            },
            "tags_all": {
              "ecs:taskDefinition:createdFrom": "ecs-console-v2",
              "ecs:taskDefinition:stackId": "arn:aws:cloudformation:us-east-1:903791206266:stack/ECS-Console-V2-TaskDefinition-f0122edf-e85a-4f1f-908e-aa9d4c121a2a/006c05b0-68c8-11ec-83ae-12be906bece1",
              "env": "prod"
            },
            "task_role_arn": "arn:aws:iam::903791206266:role/prod-api-public-ecs-task-definition-role",
            "volume": []
          },
          "sensitive_attributes": [],
          "private": "eyJzY2hlbWFfdmVyc2lvbiI6IjEifQ==",
          "dependencies": [
            "aws_ecr_repository.tfer--amirainvest_com-002F-backend_amirainvest_com",
            "data.aws_ecr_image.backend_amirainvest_com"
          ]
        }
      ]
    }
  ]
}
